// !$*UTF8*$!
{
	archiveVersion = 1;
	classes = {
	};
	objectVersion = 51;
	objects = {

/* Begin PBXBuildFile section */
		49E40AFC32450CBE5F6A5F4B /* Pods_MessengerApp.framework in Frameworks */ = {isa = PBXBuildFile; fileRef = AC33A10584ABE4427AA6B78F /* Pods_MessengerApp.framework */; };
		F105136126D7F20800803BAD /* Extensions.swift in Sources */ = {isa = PBXBuildFile; fileRef = F105136026D7F20800803BAD /* Extensions.swift */; };
		F144CA9326D77FF4002125FA /* AppDelegate.swift in Sources */ = {isa = PBXBuildFile; fileRef = F144CA9226D77FF4002125FA /* AppDelegate.swift */; };
		F144CA9526D77FF4002125FA /* SceneDelegate.swift in Sources */ = {isa = PBXBuildFile; fileRef = F144CA9426D77FF4002125FA /* SceneDelegate.swift */; };
		F144CA9726D77FF4002125FA /* ConversationViewController.swift in Sources */ = {isa = PBXBuildFile; fileRef = F144CA9626D77FF4002125FA /* ConversationViewController.swift */; };
		F144CA9A26D77FF4002125FA /* Main.storyboard in Resources */ = {isa = PBXBuildFile; fileRef = F144CA9826D77FF4002125FA /* Main.storyboard */; };
		F144CA9C26D77FF5002125FA /* Assets.xcassets in Resources */ = {isa = PBXBuildFile; fileRef = F144CA9B26D77FF5002125FA /* Assets.xcassets */; };
		F144CA9F26D77FF5002125FA /* LaunchScreen.storyboard in Resources */ = {isa = PBXBuildFile; fileRef = F144CA9D26D77FF5002125FA /* LaunchScreen.storyboard */; };
		F144CAAE26D7852D002125FA /* LoginViewController.swift in Sources */ = {isa = PBXBuildFile; fileRef = F144CAAD26D7852D002125FA /* LoginViewController.swift */; };
		F144CAB026D78538002125FA /* RegisterViewController.swift in Sources */ = {isa = PBXBuildFile; fileRef = F144CAAF26D78538002125FA /* RegisterViewController.swift */; };
		F144CAB226D78553002125FA /* PhotoViewerViewController.swift in Sources */ = {isa = PBXBuildFile; fileRef = F144CAB126D78553002125FA /* PhotoViewerViewController.swift */; };
		F144CAB426D78564002125FA /* VideoPlayerViewController.swift in Sources */ = {isa = PBXBuildFile; fileRef = F144CAB326D78564002125FA /* VideoPlayerViewController.swift */; };
		F144CAB626D78596002125FA /* NewConversationViewController.swift in Sources */ = {isa = PBXBuildFile; fileRef = F144CAB526D78596002125FA /* NewConversationViewController.swift */; };
		F144CAB826D785BA002125FA /* ProfileViewController.swift in Sources */ = {isa = PBXBuildFile; fileRef = F144CAB726D785BA002125FA /* ProfileViewController.swift */; };
		F14AF7A126D8D7C800B0B888 /* GoogleService-Info.plist in Resources */ = {isa = PBXBuildFile; fileRef = F14AF7A026D8D7C800B0B888 /* GoogleService-Info.plist */; };
		F1C95EF326D9087600195485 /* DatabaseManager.swift in Sources */ = {isa = PBXBuildFile; fileRef = F1C95EF226D9087600195485 /* DatabaseManager.swift */; };
/* End PBXBuildFile section */

/* Begin PBXFileReference section */
		3A7D8C90014534211F491B56 /* Pods-MessengerApp.release.xcconfig */ = {isa = PBXFileReference; includeInIndex = 1; lastKnownFileType = text.xcconfig; name = "Pods-MessengerApp.release.xcconfig"; path = "Target Support Files/Pods-MessengerApp/Pods-MessengerApp.release.xcconfig"; sourceTree = "<group>"; };
		AC33A10584ABE4427AA6B78F /* Pods_MessengerApp.framework */ = {isa = PBXFileReference; explicitFileType = wrapper.framework; includeInIndex = 0; path = Pods_MessengerApp.framework; sourceTree = BUILT_PRODUCTS_DIR; };
		BB7D6379E618DEAA0503CDEC /* Pods-MessengerApp.debug.xcconfig */ = {isa = PBXFileReference; includeInIndex = 1; lastKnownFileType = text.xcconfig; name = "Pods-MessengerApp.debug.xcconfig"; path = "Target Support Files/Pods-MessengerApp/Pods-MessengerApp.debug.xcconfig"; sourceTree = "<group>"; };
		F105136026D7F20800803BAD /* Extensions.swift */ = {isa = PBXFileReference; lastKnownFileType = sourcecode.swift; path = Extensions.swift; sourceTree = "<group>"; };
		F144CA8F26D77FF4002125FA /* MessengerApp.app */ = {isa = PBXFileReference; explicitFileType = wrapper.application; includeInIndex = 0; path = MessengerApp.app; sourceTree = BUILT_PRODUCTS_DIR; };
		F144CA9226D77FF4002125FA /* AppDelegate.swift */ = {isa = PBXFileReference; lastKnownFileType = sourcecode.swift; path = AppDelegate.swift; sourceTree = "<group>"; };
		F144CA9426D77FF4002125FA /* SceneDelegate.swift */ = {isa = PBXFileReference; lastKnownFileType = sourcecode.swift; path = SceneDelegate.swift; sourceTree = "<group>"; };
		F144CA9626D77FF4002125FA /* ConversationViewController.swift */ = {isa = PBXFileReference; lastKnownFileType = sourcecode.swift; path = ConversationViewController.swift; sourceTree = "<group>"; };
		F144CA9926D77FF4002125FA /* Base */ = {isa = PBXFileReference; lastKnownFileType = file.storyboard; name = Base; path = Base.lproj/Main.storyboard; sourceTree = "<group>"; };
		F144CA9B26D77FF5002125FA /* Assets.xcassets */ = {isa = PBXFileReference; lastKnownFileType = folder.assetcatalog; path = Assets.xcassets; sourceTree = "<group>"; };
		F144CA9E26D77FF5002125FA /* Base */ = {isa = PBXFileReference; lastKnownFileType = file.storyboard; name = Base; path = Base.lproj/LaunchScreen.storyboard; sourceTree = "<group>"; };
		F144CAA026D77FF5002125FA /* Info.plist */ = {isa = PBXFileReference; lastKnownFileType = text.plist.xml; path = Info.plist; sourceTree = "<group>"; };
		F144CAAD26D7852D002125FA /* LoginViewController.swift */ = {isa = PBXFileReference; lastKnownFileType = sourcecode.swift; path = LoginViewController.swift; sourceTree = "<group>"; };
		F144CAAF26D78538002125FA /* RegisterViewController.swift */ = {isa = PBXFileReference; lastKnownFileType = sourcecode.swift; path = RegisterViewController.swift; sourceTree = "<group>"; };
		F144CAB126D78553002125FA /* PhotoViewerViewController.swift */ = {isa = PBXFileReference; lastKnownFileType = sourcecode.swift; path = PhotoViewerViewController.swift; sourceTree = "<group>"; };
		F144CAB326D78564002125FA /* VideoPlayerViewController.swift */ = {isa = PBXFileReference; lastKnownFileType = sourcecode.swift; path = VideoPlayerViewController.swift; sourceTree = "<group>"; };
		F144CAB526D78596002125FA /* NewConversationViewController.swift */ = {isa = PBXFileReference; lastKnownFileType = sourcecode.swift; path = NewConversationViewController.swift; sourceTree = "<group>"; };
		F144CAB726D785BA002125FA /* ProfileViewController.swift */ = {isa = PBXFileReference; lastKnownFileType = sourcecode.swift; path = ProfileViewController.swift; sourceTree = "<group>"; };
		F14AF7A026D8D7C800B0B888 /* GoogleService-Info.plist */ = {isa = PBXFileReference; fileEncoding = 4; lastKnownFileType = text.plist.xml; path = "GoogleService-Info.plist"; sourceTree = "<group>"; };
		F1C95EF226D9087600195485 /* DatabaseManager.swift */ = {isa = PBXFileReference; lastKnownFileType = sourcecode.swift; path = DatabaseManager.swift; sourceTree = "<group>"; };
/* End PBXFileReference section */

/* Begin PBXFrameworksBuildPhase section */
		F144CA8C26D77FF4002125FA /* Frameworks */ = {
			isa = PBXFrameworksBuildPhase;
			buildActionMask = 2147483647;
			files = (
				49E40AFC32450CBE5F6A5F4B /* Pods_MessengerApp.framework in Frameworks */,
			);
			runOnlyForDeploymentPostprocessing = 0;
		};
/* End PBXFrameworksBuildPhase section */

/* Begin PBXGroup section */
		412AA2D682357C29F0E6219E /* Pods */ = {
			isa = PBXGroup;
			children = (
				BB7D6379E618DEAA0503CDEC /* Pods-MessengerApp.debug.xcconfig */,
				3A7D8C90014534211F491B56 /* Pods-MessengerApp.release.xcconfig */,
			);
			path = Pods;
			sourceTree = "<group>";
		};
		5DE0A12BE36662AEAB21E7A3 /* Frameworks */ = {
			isa = PBXGroup;
			children = (
				AC33A10584ABE4427AA6B78F /* Pods_MessengerApp.framework */,
			);
			name = Frameworks;
			sourceTree = "<group>";
		};
		F144CA8626D77FF4002125FA = {
			isa = PBXGroup;
			children = (
				F144CA9126D77FF4002125FA /* MessengerApp */,
				F144CA9026D77FF4002125FA /* Products */,
				412AA2D682357C29F0E6219E /* Pods */,
				5DE0A12BE36662AEAB21E7A3 /* Frameworks */,
			);
			sourceTree = "<group>";
		};
		F144CA9026D77FF4002125FA /* Products */ = {
			isa = PBXGroup;
			children = (
				F144CA8F26D77FF4002125FA /* MessengerApp.app */,
			);
			name = Products;
			sourceTree = "<group>";
		};
		F144CA9126D77FF4002125FA /* MessengerApp */ = {
			isa = PBXGroup;
			children = (
				F144CAA926D782B5002125FA /* Lifecyle */,
				F144CAA826D78287002125FA /* Models */,
				F144CAA626D78275002125FA /* Controllers */,
				F144CAA726D7827D002125FA /* Views */,
				F144CAA026D77FF5002125FA /* Info.plist */,
				F14AF7A026D8D7C800B0B888 /* GoogleService-Info.plist */,
				F105136026D7F20800803BAD /* Extensions.swift */,
			);
			path = MessengerApp;
			sourceTree = "<group>";
		};
		F144CAA626D78275002125FA /* Controllers */ = {
			isa = PBXGroup;
			children = (
				F144CA9626D77FF4002125FA /* ConversationViewController.swift */,
				F144CAB926D789DB002125FA /* Login */,
				F144CAB126D78553002125FA /* PhotoViewerViewController.swift */,
				F144CAB326D78564002125FA /* VideoPlayerViewController.swift */,
				F144CAB526D78596002125FA /* NewConversationViewController.swift */,
				F144CAB726D785BA002125FA /* ProfileViewController.swift */,
			);
			path = Controllers;
			sourceTree = "<group>";
		};
		F144CAA726D7827D002125FA /* Views */ = {
			isa = PBXGroup;
			children = (
				F144CAAA26D78308002125FA /* Storyboards */,
				F144CA9B26D77FF5002125FA /* Assets.xcassets */,
			);
			path = Views;
			sourceTree = "<group>";
		};
		F144CAA826D78287002125FA /* Models */ = {
			isa = PBXGroup;
			children = (
			);
			path = Models;
			sourceTree = "<group>";
		};
		F144CAA926D782B5002125FA /* Lifecyle */ = {
			isa = PBXGroup;
			children = (
				F144CA9226D77FF4002125FA /* AppDelegate.swift */,
				F144CA9426D77FF4002125FA /* SceneDelegate.swift */,
				F1C95EF226D9087600195485 /* DatabaseManager.swift */,
			);
			path = Lifecyle;
			sourceTree = "<group>";
		};
		F144CAAA26D78308002125FA /* Storyboards */ = {
			isa = PBXGroup;
			children = (
				F144CA9826D77FF4002125FA /* Main.storyboard */,
				F144CA9D26D77FF5002125FA /* LaunchScreen.storyboard */,
			);
			path = Storyboards;
			sourceTree = "<group>";
		};
		F144CAB926D789DB002125FA /* Login */ = {
			isa = PBXGroup;
			children = (
				F144CAAD26D7852D002125FA /* LoginViewController.swift */,
				F144CAAF26D78538002125FA /* RegisterViewController.swift */,
			);
			path = Login;
			sourceTree = "<group>";
		};
/* End PBXGroup section */

/* Begin PBXNativeTarget section */
		F144CA8E26D77FF4002125FA /* MessengerApp */ = {
			isa = PBXNativeTarget;
			buildConfigurationList = F144CAA326D77FF5002125FA /* Build configuration list for PBXNativeTarget "MessengerApp" */;
			buildPhases = (
				7E3A5951E190ECCE9B6B88C0 /* [CP] Check Pods Manifest.lock */,
				F144CA8B26D77FF4002125FA /* Sources */,
				F144CA8C26D77FF4002125FA /* Frameworks */,
				F144CA8D26D77FF4002125FA /* Resources */,
				501335F2A21B9D327290D646 /* [CP] Embed Pods Frameworks */,
			);
			buildRules = (
			);
			dependencies = (
			);
			name = MessengerApp;
			productName = MessengerApp;
			productReference = F144CA8F26D77FF4002125FA /* MessengerApp.app */;
			productType = "com.apple.product-type.application";
		};
/* End PBXNativeTarget section */

/* Begin PBXProject section */
		F144CA8726D77FF4002125FA /* Project object */ = {
			isa = PBXProject;
			attributes = {
				LastSwiftUpdateCheck = 1250;
				LastUpgradeCheck = 1250;
				TargetAttributes = {
					F144CA8E26D77FF4002125FA = {
						CreatedOnToolsVersion = 12.5.1;
					};
				};
			};
			buildConfigurationList = F144CA8A26D77FF4002125FA /* Build configuration list for PBXProject "MessengerApp" */;
			compatibilityVersion = "Xcode 9.3";
			developmentRegion = en;
			hasScannedForEncodings = 0;
			knownRegions = (
				en,
				Base,
			);
			mainGroup = F144CA8626D77FF4002125FA;
			productRefGroup = F144CA9026D77FF4002125FA /* Products */;
			projectDirPath = "";
			projectRoot = "";
			targets = (
				F144CA8E26D77FF4002125FA /* MessengerApp */,
			);
		};
/* End PBXProject section */

/* Begin PBXResourcesBuildPhase section */
		F144CA8D26D77FF4002125FA /* Resources */ = {
			isa = PBXResourcesBuildPhase;
			buildActionMask = 2147483647;
			files = (
				F144CA9F26D77FF5002125FA /* LaunchScreen.storyboard in Resources */,
				F144CA9C26D77FF5002125FA /* Assets.xcassets in Resources */,
				F144CA9A26D77FF4002125FA /* Main.storyboard in Resources */,
				F14AF7A126D8D7C800B0B888 /* GoogleService-Info.plist in Resources */,
			);
			runOnlyForDeploymentPostprocessing = 0;
		};
/* End PBXResourcesBuildPhase section */

/* Begin PBXShellScriptBuildPhase section */
		501335F2A21B9D327290D646 /* [CP] Embed Pods Frameworks */ = {
			isa = PBXShellScriptBuildPhase;
			buildActionMask = 2147483647;
			files = (
			);
			inputFileListPaths = (
				"${PODS_ROOT}/Target Support Files/Pods-MessengerApp/Pods-MessengerApp-frameworks-${CONFIGURATION}-input-files.xcfilelist",
			);
			name = "[CP] Embed Pods Frameworks";
			outputFileListPaths = (
				"${PODS_ROOT}/Target Support Files/Pods-MessengerApp/Pods-MessengerApp-frameworks-${CONFIGURATION}-output-files.xcfilelist",
			);
			runOnlyForDeploymentPostprocessing = 0;
			shellPath = /bin/sh;
			shellScript = "\"${PODS_ROOT}/Target Support Files/Pods-MessengerApp/Pods-MessengerApp-frameworks.sh\"\n";
			showEnvVarsInLog = 0;
		};
		7E3A5951E190ECCE9B6B88C0 /* [CP] Check Pods Manifest.lock */ = {
			isa = PBXShellScriptBuildPhase;
			buildActionMask = 2147483647;
			files = (
			);
			inputFileListPaths = (
			);
			inputPaths = (
				"${PODS_PODFILE_DIR_PATH}/Podfile.lock",
				"${PODS_ROOT}/Manifest.lock",
			);
			name = "[CP] Check Pods Manifest.lock";
			outputFileListPaths = (
			);
			outputPaths = (
				"$(DERIVED_FILE_DIR)/Pods-MessengerApp-checkManifestLockResult.txt",
			);
			runOnlyForDeploymentPostprocessing = 0;
			shellPath = /bin/sh;
			shellScript = "diff \"${PODS_PODFILE_DIR_PATH}/Podfile.lock\" \"${PODS_ROOT}/Manifest.lock\" > /dev/null\nif [ $? != 0 ] ; then\n    # print error to STDERR\n    echo \"error: The sandbox is not in sync with the Podfile.lock. Run 'pod install' or update your CocoaPods installation.\" >&2\n    exit 1\nfi\n# This output is used by Xcode 'outputs' to avoid re-running this script phase.\necho \"SUCCESS\" > \"${SCRIPT_OUTPUT_FILE_0}\"\n";
			showEnvVarsInLog = 0;
		};
/* End PBXShellScriptBuildPhase section */

/* Begin PBXSourcesBuildPhase section */
		F144CA8B26D77FF4002125FA /* Sources */ = {
			isa = PBXSourcesBuildPhase;
			buildActionMask = 2147483647;
			files = (
				F144CA9726D77FF4002125FA /* ConversationViewController.swift in Sources */,
				F1C95EF326D9087600195485 /* DatabaseManager.swift in Sources */,
				F144CA9326D77FF4002125FA /* AppDelegate.swift in Sources */,
				F144CAB826D785BA002125FA /* ProfileViewController.swift in Sources */,
				F144CA9526D77FF4002125FA /* SceneDelegate.swift in Sources */,
				F144CAB226D78553002125FA /* PhotoViewerViewController.swift in Sources */,
				F105136126D7F20800803BAD /* Extensions.swift in Sources */,
				F144CAB026D78538002125FA /* RegisterViewController.swift in Sources */,
				F144CAB426D78564002125FA /* VideoPlayerViewController.swift in Sources */,
				F144CAB626D78596002125FA /* NewConversationViewController.swift in Sources */,
				F144CAAE26D7852D002125FA /* LoginViewController.swift in Sources */,
			);
			runOnlyForDeploymentPostprocessing = 0;
		};
/* End PBXSourcesBuildPhase section */

/* Begin PBXVariantGroup section */
		F144CA9826D77FF4002125FA /* Main.storyboard */ = {
			isa = PBXVariantGroup;
			children = (
				F144CA9926D77FF4002125FA /* Base */,
			);
			name = Main.storyboard;
			sourceTree = "<group>";
		};
		F144CA9D26D77FF5002125FA /* LaunchScreen.storyboard */ = {
			isa = PBXVariantGroup;
			children = (
				F144CA9E26D77FF5002125FA /* Base */,
			);
			name = LaunchScreen.storyboard;
			sourceTree = "<group>";
		};
/* End PBXVariantGroup section */

/* Begin XCBuildConfiguration section */
		F144CAA126D77FF5002125FA /* Debug */ = {
			isa = XCBuildConfiguration;
			buildSettings = {
				ALWAYS_SEARCH_USER_PATHS = NO;
				CLANG_ANALYZER_NONNULL = YES;
				CLANG_ANALYZER_NUMBER_OBJECT_CONVERSION = YES_AGGRESSIVE;
				CLANG_CXX_LANGUAGE_STANDARD = "gnu++14";
				CLANG_CXX_LIBRARY = "libc++";
				CLANG_ENABLE_MODULES = YES;
				CLANG_ENABLE_OBJC_ARC = YES;
				CLANG_ENABLE_OBJC_WEAK = YES;
				CLANG_WARN_BLOCK_CAPTURE_AUTORELEASING = YES;
				CLANG_WARN_BOOL_CONVERSION = YES;
				CLANG_WARN_COMMA = YES;
				CLANG_WARN_CONSTANT_CONVERSION = YES;
				CLANG_WARN_DEPRECATED_OBJC_IMPLEMENTATIONS = YES;
				CLANG_WARN_DIRECT_OBJC_ISA_USAGE = YES_ERROR;
				CLANG_WARN_DOCUMENTATION_COMMENTS = YES;
				CLANG_WARN_EMPTY_BODY = YES;
				CLANG_WARN_ENUM_CONVERSION = YES;
				CLANG_WARN_INFINITE_RECURSION = YES;
				CLANG_WARN_INT_CONVERSION = YES;
				CLANG_WARN_NON_LITERAL_NULL_CONVERSION = YES;
				CLANG_WARN_OBJC_IMPLICIT_RETAIN_SELF = YES;
				CLANG_WARN_OBJC_LITERAL_CONVERSION = YES;
				CLANG_WARN_OBJC_ROOT_CLASS = YES_ERROR;
				CLANG_WARN_QUOTED_INCLUDE_IN_FRAMEWORK_HEADER = YES;
				CLANG_WARN_RANGE_LOOP_ANALYSIS = YES;
				CLANG_WARN_STRICT_PROTOTYPES = YES;
				CLANG_WARN_SUSPICIOUS_MOVE = YES;
				CLANG_WARN_UNGUARDED_AVAILABILITY = YES_AGGRESSIVE;
				CLANG_WARN_UNREACHABLE_CODE = YES;
				CLANG_WARN__DUPLICATE_METHOD_MATCH = YES;
				COPY_PHASE_STRIP = NO;
				DEBUG_INFORMATION_FORMAT = dwarf;
				ENABLE_STRICT_OBJC_MSGSEND = YES;
				ENABLE_TESTABILITY = YES;
				GCC_C_LANGUAGE_STANDARD = gnu11;
				GCC_DYNAMIC_NO_PIC = NO;
				GCC_NO_COMMON_BLOCKS = YES;
				GCC_OPTIMIZATION_LEVEL = 0;
				GCC_PREPROCESSOR_DEFINITIONS = (
					"DEBUG=1",
					"$(inherited)",
				);
				GCC_WARN_64_TO_32_BIT_CONVERSION = YES;
				GCC_WARN_ABOUT_RETURN_TYPE = YES_ERROR;
				GCC_WARN_UNDECLARED_SELECTOR = YES;
				GCC_WARN_UNINITIALIZED_AUTOS = YES_AGGRESSIVE;
				GCC_WARN_UNUSED_FUNCTION = YES;
				GCC_WARN_UNUSED_VARIABLE = YES;
				IPHONEOS_DEPLOYMENT_TARGET = 14.5;
				MTL_ENABLE_DEBUG_INFO = INCLUDE_SOURCE;
				MTL_FAST_MATH = YES;
				ONLY_ACTIVE_ARCH = YES;
				SDKROOT = iphoneos;
				SWIFT_ACTIVE_COMPILATION_CONDITIONS = DEBUG;
				SWIFT_OPTIMIZATION_LEVEL = "-Onone";
			};
			name = Debug;
		};
		F144CAA226D77FF5002125FA /* Release */ = {
			isa = XCBuildConfiguration;
			buildSettings = {
				ALWAYS_SEARCH_USER_PATHS = NO;
				CLANG_ANALYZER_NONNULL = YES;
				CLANG_ANALYZER_NUMBER_OBJECT_CONVERSION = YES_AGGRESSIVE;
				CLANG_CXX_LANGUAGE_STANDARD = "gnu++14";
				CLANG_CXX_LIBRARY = "libc++";
				CLANG_ENABLE_MODULES = YES;
				CLANG_ENABLE_OBJC_ARC = YES;
				CLANG_ENABLE_OBJC_WEAK = YES;
				CLANG_WARN_BLOCK_CAPTURE_AUTORELEASING = YES;
				CLANG_WARN_BOOL_CONVERSION = YES;
				CLANG_WARN_COMMA = YES;
				CLANG_WARN_CONSTANT_CONVERSION = YES;
				CLANG_WARN_DEPRECATED_OBJC_IMPLEMENTATIONS = YES;
				CLANG_WARN_DIRECT_OBJC_ISA_USAGE = YES_ERROR;
				CLANG_WARN_DOCUMENTATION_COMMENTS = YES;
				CLANG_WARN_EMPTY_BODY = YES;
				CLANG_WARN_ENUM_CONVERSION = YES;
				CLANG_WARN_INFINITE_RECURSION = YES;
				CLANG_WARN_INT_CONVERSION = YES;
				CLANG_WARN_NON_LITERAL_NULL_CONVERSION = YES;
				CLANG_WARN_OBJC_IMPLICIT_RETAIN_SELF = YES;
				CLANG_WARN_OBJC_LITERAL_CONVERSION = YES;
				CLANG_WARN_OBJC_ROOT_CLASS = YES_ERROR;
				CLANG_WARN_QUOTED_INCLUDE_IN_FRAMEWORK_HEADER = YES;
				CLANG_WARN_RANGE_LOOP_ANALYSIS = YES;
				CLANG_WARN_STRICT_PROTOTYPES = YES;
				CLANG_WARN_SUSPICIOUS_MOVE = YES;
				CLANG_WARN_UNGUARDED_AVAILABILITY = YES_AGGRESSIVE;
				CLANG_WARN_UNREACHABLE_CODE = YES;
				CLANG_WARN__DUPLICATE_METHOD_MATCH = YES;
				COPY_PHASE_STRIP = NO;
				DEBUG_INFORMATION_FORMAT = "dwarf-with-dsym";
				ENABLE_NS_ASSERTIONS = NO;
				ENABLE_STRICT_OBJC_MSGSEND = YES;
				GCC_C_LANGUAGE_STANDARD = gnu11;
				GCC_NO_COMMON_BLOCKS = YES;
				GCC_WARN_64_TO_32_BIT_CONVERSION = YES;
				GCC_WARN_ABOUT_RETURN_TYPE = YES_ERROR;
				GCC_WARN_UNDECLARED_SELECTOR = YES;
				GCC_WARN_UNINITIALIZED_AUTOS = YES_AGGRESSIVE;
				GCC_WARN_UNUSED_FUNCTION = YES;
				GCC_WARN_UNUSED_VARIABLE = YES;
				IPHONEOS_DEPLOYMENT_TARGET = 14.5;
				MTL_ENABLE_DEBUG_INFO = NO;
				MTL_FAST_MATH = YES;
				SDKROOT = iphoneos;
				SWIFT_COMPILATION_MODE = wholemodule;
				SWIFT_OPTIMIZATION_LEVEL = "-O";
				VALIDATE_PRODUCT = YES;
			};
			name = Release;
		};
		F144CAA426D77FF5002125FA /* Debug */ = {
			isa = XCBuildConfiguration;
			baseConfigurationReference = BB7D6379E618DEAA0503CDEC /* Pods-MessengerApp.debug.xcconfig */;
			buildSettings = {
				ASSETCATALOG_COMPILER_APPICON_NAME = AppIcon;
				ASSETCATALOG_COMPILER_GLOBAL_ACCENT_COLOR_NAME = AccentColor;
				CODE_SIGN_STYLE = Automatic;
				DEVELOPMENT_TEAM = 43M6TBPD99;
				INFOPLIST_FILE = MessengerApp/Info.plist;
				LD_RUNPATH_SEARCH_PATHS = (
					"$(inherited)",
					"@executable_path/Frameworks",
				);
				PRODUCT_BUNDLE_IDENTIFIER = com.DiegoBelusky.MessengerApp;
				PRODUCT_NAME = "$(TARGET_NAME)";
				SWIFT_VERSION = 5.0;
				TARGETED_DEVICE_FAMILY = "1,2";
			};
			name = Debug;
		};
		F144CAA526D77FF5002125FA /* Release */ = {
			isa = XCBuildConfiguration;
			baseConfigurationReference = 3A7D8C90014534211F491B56 /* Pods-MessengerApp.release.xcconfig */;
			buildSettings = {
				ASSETCATALOG_COMPILER_APPICON_NAME = AppIcon;
				ASSETCATALOG_COMPILER_GLOBAL_ACCENT_COLOR_NAME = AccentColor;
				CODE_SIGN_STYLE = Automatic;
				DEVELOPMENT_TEAM = 43M6TBPD99;
				INFOPLIST_FILE = MessengerApp/Info.plist;
				LD_RUNPATH_SEARCH_PATHS = (
					"$(inherited)",
					"@executable_path/Frameworks",
				);
				PRODUCT_BUNDLE_IDENTIFIER = com.DiegoBelusky.MessengerApp;
				PRODUCT_NAME = "$(TARGET_NAME)";
				SWIFT_VERSION = 5.0;
				TARGETED_DEVICE_FAMILY = "1,2";
			};
			name = Release;
		};
/* End XCBuildConfiguration section */

/* Begin XCConfigurationList section */
		F144CA8A26D77FF4002125FA /* Build configuration list for PBXProject "MessengerApp" */ = {
			isa = XCConfigurationList;
			buildConfigurations = (
				F144CAA126D77FF5002125FA /* Debug */,
				F144CAA226D77FF5002125FA /* Release */,
			);
			defaultConfigurationIsVisible = 0;
			defaultConfigurationName = Release;
		};
		F144CAA326D77FF5002125FA /* Build configuration list for PBXNativeTarget "MessengerApp" */ = {
			isa = XCConfigurationList;
			buildConfigurations = (
				F144CAA426D77FF5002125FA /* Debug */,
				F144CAA526D77FF5002125FA /* Release */,
			);
			defaultConfigurationIsVisible = 0;
			defaultConfigurationName = Release;
		};
/* End XCConfigurationList section */
	};
	rootObject = F144CA8726D77FF4002125FA /* Project object */;
}
